
Microsoft Visual Studio Solution File, Format Version 12.00
# Visual Studio Version 17
VisualStudioVersion = 17.7.34009.444
MinimumVisualStudioVersion = 10.0.40219.1
Project("{FAE04EC0-301F-11D3-BF4B-00C04F79EFBC}") = "pixelwashgui", "pixelwashgui\pixelwashgui.csproj", "{931113BC-10AA-4723-BF39-E7A8073E6543}"
EndProject
Global
	GlobalSection(SolutionConfigurationPlatforms) = preSolution
		Debug|Any CPU = Debug|Any CPU
		Release|Any CPU = Release|Any CPU
	EndGlobalSection
	GlobalSection(ProjectConfigurationPlatforms) = postSolution
		{931113BC-10AA-4723-BF39-E7A8073E6543}.Debug|Any CPU.ActiveCfg = Debug|Any CPU
		{931113BC-10AA-4723-BF39-E7A8073E6543}.Debug|Any CPU.Build.0 = Debug|Any CPU
		{931113BC-10AA-4723-BF39-E7A8073E6543}.Release|Any CPU.ActiveCfg = Release|Any CPU
		{931113BC-10AA-4723-BF39-E7A8073E6543}.Release|Any CPU.Build.0 = Release|Any CPU
	EndGlobalSection
	GlobalSection(SolutionProperties) = preSolution
		HideSolutionNode = FALSE
	EndGlobalSection
	GlobalSection(ExtensibilityGlobals) = postSolution
		SolutionGuid = {E35A26E7-70DC-4205-B68A-6C7DDD82EEB6}
	EndGlobalSection
EndGlobal
